
Microsoft Visual Studio Solution File, Format Version 12.00
# Visual Studio Version 17
VisualStudioVersion = 17.6.33815.320
MinimumVisualStudioVersion = 10.0.40219.1
Project("{FAE04EC0-301F-11D3-BF4B-00C04F79EFBC}") = "PerguntasERespostas", "PerguntasERespostas.csproj", "{99059E70-C0AF-42B0-A94B-C07CB11986A4}"
EndProject
Global
	GlobalSection(SolutionConfigurationPlatforms) = preSolution
		Debug|Any CPU = Debug|Any CPU
		Release|Any CPU = Release|Any CPU
	EndGlobalSection
	GlobalSection(ProjectConfigurationPlatforms) = postSolution
		{99059E70-C0AF-42B0-A94B-C07CB11986A4}.Debug|Any CPU.ActiveCfg = Debug|Any CPU
		{99059E70-C0AF-42B0-A94B-C07CB11986A4}.Debug|Any CPU.Build.0 = Debug|Any CPU
		{99059E70-C0AF-42B0-A94B-C07CB11986A4}.Release|Any CPU.ActiveCfg = Release|Any CPU
		{99059E70-C0AF-42B0-A94B-C07CB11986A4}.Release|Any CPU.Build.0 = Release|Any CPU
	EndGlobalSection
	GlobalSection(SolutionProperties) = preSolution
		HideSolutionNode = FALSE
	EndGlobalSection
	GlobalSection(ExtensibilityGlobals) = postSolution
		SolutionGuid = {C97B9D94-BB5F-4A91-9534-090427E17F17}
	EndGlobalSection
EndGlobal
